
Microsoft Visual Studio Solution File, Format Version 12.00
# Visual Studio Version 17
VisualStudioVersion = 17.14.37314.3 d17.14
MinimumVisualStudioVersion = 10.0.40219.1
Project("{FAE04EC0-301F-11D3-BF4B-00C04F79EFBC}") = "MulticastP2P", "MulticastP2P\MulticastP2P.csproj", "{6C0AC299-9069-4108-B9B0-CD19FDB50158}"
EndProject
Global
	GlobalSection(SolutionConfigurationPlatforms) = preSolution
		Debug|Any CPU = Debug|Any CPU
		Release|Any CPU = Release|Any CPU
	EndGlobalSection
	GlobalSection(ProjectConfigurationPlatforms) = postSolution
		{6C0AC299-9069-4108-B9B0-CD19FDB50158}.Debug|Any CPU.ActiveCfg = Debug|Any CPU
		{6C0AC299-9069-4108-B9B0-CD19FDB50158}.Debug|Any CPU.Build.0 = Debug|Any CPU
		{6C0AC299-9069-4108-B9B0-CD19FDB50158}.Release|Any CPU.ActiveCfg = Release|Any CPU
		{6C0AC299-9069-4108-B9B0-CD19FDB50158}.Release|Any CPU.Build.0 = Release|Any CPU
	EndGlobalSection
	GlobalSection(SolutionProperties) = preSolution
		HideSolutionNode = FALSE
	EndGlobalSection
	GlobalSection(ExtensibilityGlobals) = postSolution
		SolutionGuid = {E90761D9-29BB-4C7F-987F-E3A13A66DBD1}
	EndGlobalSection
EndGlobal
